
Microsoft Visual Studio Solution File, Format Version 12.00
# Visual Studio Version 16
VisualStudioVersion = 16.0.30907.101
MinimumVisualStudioVersion = 10.0.40219.1
Project("{9A19103F-16F7-4668-BE54-9A1E7A4F7556}") = "AutoSearchApi", "AutoSearchApi\AutoSearchApi.csproj", "{B6677A49-9781-4421-8278-BAB477856024}"
EndProject
Project("{FAE04EC0-301F-11D3-BF4B-00C04F79EFBC}") = "AutoSearchApi.Test", "AutoSearchApi.Test\AutoSearchApi.Test.csproj", "{19B856BB-F4C5-4D5F-8E34-52D72663A07D}"
EndProject
Global
	GlobalSection(SolutionConfigurationPlatforms) = preSolution
		Debug|Any CPU = Debug|Any CPU
		Release|Any CPU = Release|Any CPU
	EndGlobalSection
	GlobalSection(ProjectConfigurationPlatforms) = postSolution
		{B6677A49-9781-4421-8278-BAB477856024}.Debug|Any CPU.ActiveCfg = Debug|Any CPU
		{B6677A49-9781-4421-8278-BAB477856024}.Debug|Any CPU.Build.0 = Debug|Any CPU
		{B6677A49-9781-4421-8278-BAB477856024}.Release|Any CPU.ActiveCfg = Release|Any CPU
		{B6677A49-9781-4421-8278-BAB477856024}.Release|Any CPU.Build.0 = Release|Any CPU
		{19B856BB-F4C5-4D5F-8E34-52D72663A07D}.Debug|Any CPU.ActiveCfg = Debug|Any CPU
		{19B856BB-F4C5-4D5F-8E34-52D72663A07D}.Debug|Any CPU.Build.0 = Debug|Any CPU
		{19B856BB-F4C5-4D5F-8E34-52D72663A07D}.Release|Any CPU.ActiveCfg = Release|Any CPU
		{19B856BB-F4C5-4D5F-8E34-52D72663A07D}.Release|Any CPU.Build.0 = Release|Any CPU
	EndGlobalSection
	GlobalSection(SolutionProperties) = preSolution
		HideSolutionNode = FALSE
	EndGlobalSection
	GlobalSection(ExtensibilityGlobals) = postSolution
		SolutionGuid = {4069428C-667A-4A5A-88F0-1760721C2937}
	EndGlobalSection
EndGlobal
